{
  "object": {
    "pins": [
      {
        "package": "WeakRef",
        "repositoryURL": "https://github.com/swiftarium/WeakRef.git",
        "state": {
          "branch": null,
          "revision": "1acf803aa86a4310cd4c465da2b3640311d9585e",
          "version": "1.0.1"
        }
      }
    ]
  },
  "version": 1
}
